
Microsoft Visual Studio Solution File, Format Version 12.00
# Visual Studio 15
VisualStudioVersion = 15.0.28307.779
MinimumVisualStudioVersion = 10.0.40219.1
Project("{FAE04EC0-301F-11D3-BF4B-00C04F79EFBC}") = "1Parcial_Aplicada2", "1Parcial_Aplicada2\1Parcial_Aplicada2.csproj", "{384D11FB-D274-42F4-9329-651DCEC83D30}"
EndProject
Project("{FAE04EC0-301F-11D3-BF4B-00C04F79EFBC}") = "1Parcial_Aplicada2.Tests", "1Parcial_Aplicada2.Tests\1Parcial_Aplicada2.Tests.csproj", "{39707226-4410-436B-A894-49A3222A9E17}"
EndProject
Global
	GlobalSection(SolutionConfigurationPlatforms) = preSolution
		Debug|Any CPU = Debug|Any CPU
		Release|Any CPU = Release|Any CPU
	EndGlobalSection
	GlobalSection(ProjectConfigurationPlatforms) = postSolution
		{384D11FB-D274-42F4-9329-651DCEC83D30}.Debug|Any CPU.ActiveCfg = Debug|Any CPU
		{384D11FB-D274-42F4-9329-651DCEC83D30}.Debug|Any CPU.Build.0 = Debug|Any CPU
		{384D11FB-D274-42F4-9329-651DCEC83D30}.Release|Any CPU.ActiveCfg = Release|Any CPU
		{384D11FB-D274-42F4-9329-651DCEC83D30}.Release|Any CPU.Build.0 = Release|Any CPU
		{39707226-4410-436B-A894-49A3222A9E17}.Debug|Any CPU.ActiveCfg = Debug|Any CPU
		{39707226-4410-436B-A894-49A3222A9E17}.Debug|Any CPU.Build.0 = Debug|Any CPU
		{39707226-4410-436B-A894-49A3222A9E17}.Release|Any CPU.ActiveCfg = Release|Any CPU
		{39707226-4410-436B-A894-49A3222A9E17}.Release|Any CPU.Build.0 = Release|Any CPU
	EndGlobalSection
	GlobalSection(SolutionProperties) = preSolution
		HideSolutionNode = FALSE
	EndGlobalSection
	GlobalSection(ExtensibilityGlobals) = postSolution
		SolutionGuid = {D82CA47B-D8D3-473B-AF26-7923870895B2}
	EndGlobalSection
EndGlobal
